
Microsoft Visual Studio Solution File, Format Version 12.00
# Visual Studio Version 17
VisualStudioVersion = 17.0.32112.339
MinimumVisualStudioVersion = 10.0.40219.1
Project("{FAE04EC0-301F-11D3-BF4B-00C04F79EFBC}") = "Space Race", "Space Race\Space Race.csproj", "{75D8CE79-6A15-4D6D-9B61-8CC9D725EF68}"
EndProject
Global
	GlobalSection(SolutionConfigurationPlatforms) = preSolution
		Debug|Any CPU = Debug|Any CPU
		Release|Any CPU = Release|Any CPU
	EndGlobalSection
	GlobalSection(ProjectConfigurationPlatforms) = postSolution
		{75D8CE79-6A15-4D6D-9B61-8CC9D725EF68}.Debug|Any CPU.ActiveCfg = Debug|Any CPU
		{75D8CE79-6A15-4D6D-9B61-8CC9D725EF68}.Debug|Any CPU.Build.0 = Debug|Any CPU
		{75D8CE79-6A15-4D6D-9B61-8CC9D725EF68}.Release|Any CPU.ActiveCfg = Release|Any CPU
		{75D8CE79-6A15-4D6D-9B61-8CC9D725EF68}.Release|Any CPU.Build.0 = Release|Any CPU
	EndGlobalSection
	GlobalSection(SolutionProperties) = preSolution
		HideSolutionNode = FALSE
	EndGlobalSection
	GlobalSection(ExtensibilityGlobals) = postSolution
		SolutionGuid = {C5491F2F-5D41-4607-92BA-058BBCEE2EFE}
	EndGlobalSection
EndGlobal
